
Microsoft Visual Studio Solution File, Format Version 12.00
# Visual Studio Version 17
VisualStudioVersion = 17.9.34701.34
MinimumVisualStudioVersion = 10.0.40219.1
Project("{FAE04EC0-301F-11D3-BF4B-00C04F79EFBC}") = "TP_DB_CONNECTION", "TP_DB_CONNECTION\TP_DB_CONNECTION.csproj", "{908940EC-33AB-4C8F-B57F-EAB3C8594195}"
EndProject
Global
	GlobalSection(SolutionConfigurationPlatforms) = preSolution
		Debug|Any CPU = Debug|Any CPU
		Release|Any CPU = Release|Any CPU
	EndGlobalSection
	GlobalSection(ProjectConfigurationPlatforms) = postSolution
		{908940EC-33AB-4C8F-B57F-EAB3C8594195}.Debug|Any CPU.ActiveCfg = Debug|Any CPU
		{908940EC-33AB-4C8F-B57F-EAB3C8594195}.Debug|Any CPU.Build.0 = Debug|Any CPU
		{908940EC-33AB-4C8F-B57F-EAB3C8594195}.Release|Any CPU.ActiveCfg = Release|Any CPU
		{908940EC-33AB-4C8F-B57F-EAB3C8594195}.Release|Any CPU.Build.0 = Release|Any CPU
	EndGlobalSection
	GlobalSection(SolutionProperties) = preSolution
		HideSolutionNode = FALSE
	EndGlobalSection
	GlobalSection(ExtensibilityGlobals) = postSolution
		SolutionGuid = {9BA4D063-5382-442E-8946-E812ACDBE3E1}
	EndGlobalSection
EndGlobal
